
Microsoft Visual Studio Solution File, Format Version 12.00
# Visual Studio Version 17
VisualStudioVersion = 17.8.34309.116
MinimumVisualStudioVersion = 10.0.40219.1
Project("{9A19103F-16F7-4668-BE54-9A1E7A4F7556}") = "MaisonEauOr", "MaisonEauOr\MaisonEauOr.csproj", "{45C453B6-197F-4EFA-908A-CA6ADF830410}"
EndProject
Global
	GlobalSection(SolutionConfigurationPlatforms) = preSolution
		Debug|Any CPU = Debug|Any CPU
		Release|Any CPU = Release|Any CPU
	EndGlobalSection
	GlobalSection(ProjectConfigurationPlatforms) = postSolution
		{45C453B6-197F-4EFA-908A-CA6ADF830410}.Debug|Any CPU.ActiveCfg = Debug|Any CPU
		{45C453B6-197F-4EFA-908A-CA6ADF830410}.Debug|Any CPU.Build.0 = Debug|Any CPU
		{45C453B6-197F-4EFA-908A-CA6ADF830410}.Release|Any CPU.ActiveCfg = Release|Any CPU
		{45C453B6-197F-4EFA-908A-CA6ADF830410}.Release|Any CPU.Build.0 = Release|Any CPU
	EndGlobalSection
	GlobalSection(SolutionProperties) = preSolution
		HideSolutionNode = FALSE
	EndGlobalSection
	GlobalSection(ExtensibilityGlobals) = postSolution
		SolutionGuid = {3E3EB23D-5ADE-4E04-94FF-EBC5E1636BDF}
	EndGlobalSection
EndGlobal
